// !$*UTF8*$!
{
	archiveVersion = 1;
	classes = {
	};
	objectVersion = 46;
	objects = {

/* Begin PBXBuildFile section */
		6D8B7C9FD4FCD1D3E265A1E1 /* Pods_HttpGetPost.framework in Frameworks */ = {isa = PBXBuildFile; fileRef = 8E680DBA6461C5D596E6EA2D /* Pods_HttpGetPost.framework */; };
		FC939C431DB4CE0E0063F259 /* AppDelegate.swift in Sources */ = {isa = PBXBuildFile; fileRef = FC939C421DB4CE0E0063F259 /* AppDelegate.swift */; };
		FC939C451DB4CE0E0063F259 /* ViewController.swift in Sources */ = {isa = PBXBuildFile; fileRef = FC939C441DB4CE0E0063F259 /* ViewController.swift */; };
		FC939C4A1DB4CE0E0063F259 /* Assets.xcassets in Resources */ = {isa = PBXBuildFile; fileRef = FC939C491DB4CE0E0063F259 /* Assets.xcassets */; };
		FC939C4D1DB4CE0E0063F259 /* LaunchScreen.storyboard in Resources */ = {isa = PBXBuildFile; fileRef = FC939C4B1DB4CE0E0063F259 /* LaunchScreen.storyboard */; };
		FC939C551DB4CEA70063F259 /* Main.storyboard in Resources */ = {isa = PBXBuildFile; fileRef = FC939C541DB4CEA70063F259 /* Main.storyboard */; };
		FCFDC5881DB706EC008B2F6A /* AlamofireRequestViewController.swift in Sources */ = {isa = PBXBuildFile; fileRef = FCFDC5871DB706EC008B2F6A /* AlamofireRequestViewController.swift */; };
/* End PBXBuildFile section */

/* Begin PBXFileReference section */
		159A73DEB43577EE3FB39E35 /* Pods-HttpGetPost.release.xcconfig */ = {isa = PBXFileReference; includeInIndex = 1; lastKnownFileType = text.xcconfig; name = "Pods-HttpGetPost.release.xcconfig"; path = "Pods/Target Support Files/Pods-HttpGetPost/Pods-HttpGetPost.release.xcconfig"; sourceTree = "<group>"; };
		8E680DBA6461C5D596E6EA2D /* Pods_HttpGetPost.framework */ = {isa = PBXFileReference; explicitFileType = wrapper.framework; includeInIndex = 0; path = Pods_HttpGetPost.framework; sourceTree = BUILT_PRODUCTS_DIR; };
		ABA735B3E4451092F95D38FB /* Pods-HttpGetPost.debug.xcconfig */ = {isa = PBXFileReference; includeInIndex = 1; lastKnownFileType = text.xcconfig; name = "Pods-HttpGetPost.debug.xcconfig"; path = "Pods/Target Support Files/Pods-HttpGetPost/Pods-HttpGetPost.debug.xcconfig"; sourceTree = "<group>"; };
		FC939C3F1DB4CE0E0063F259 /* HttpGetPost.app */ = {isa = PBXFileReference; explicitFileType = wrapper.application; includeInIndex = 0; path = HttpGetPost.app; sourceTree = BUILT_PRODUCTS_DIR; };
		FC939C421DB4CE0E0063F259 /* AppDelegate.swift */ = {isa = PBXFileReference; lastKnownFileType = sourcecode.swift; path = AppDelegate.swift; sourceTree = "<group>"; };
		FC939C441DB4CE0E0063F259 /* ViewController.swift */ = {isa = PBXFileReference; lastKnownFileType = sourcecode.swift; path = ViewController.swift; sourceTree = "<group>"; };
		FC939C491DB4CE0E0063F259 /* Assets.xcassets */ = {isa = PBXFileReference; lastKnownFileType = folder.assetcatalog; path = Assets.xcassets; sourceTree = "<group>"; };
		FC939C4C1DB4CE0E0063F259 /* Base */ = {isa = PBXFileReference; lastKnownFileType = file.storyboard; name = Base; path = Base.lproj/LaunchScreen.storyboard; sourceTree = "<group>"; };
		FC939C4E1DB4CE0E0063F259 /* Info.plist */ = {isa = PBXFileReference; lastKnownFileType = text.plist.xml; path = Info.plist; sourceTree = "<group>"; };
		FC939C541DB4CEA70063F259 /* Main.storyboard */ = {isa = PBXFileReference; fileEncoding = 4; lastKnownFileType = file.storyboard; path = Main.storyboard; sourceTree = "<group>"; };
		FCFDC5871DB706EC008B2F6A /* AlamofireRequestViewController.swift */ = {isa = PBXFileReference; fileEncoding = 4; lastKnownFileType = sourcecode.swift; path = AlamofireRequestViewController.swift; sourceTree = "<group>"; };
/* End PBXFileReference section */

/* Begin PBXFrameworksBuildPhase section */
		FC939C3C1DB4CE0E0063F259 /* Frameworks */ = {
			isa = PBXFrameworksBuildPhase;
			buildActionMask = 2147483647;
			files = (
				6D8B7C9FD4FCD1D3E265A1E1 /* Pods_HttpGetPost.framework in Frameworks */,
			);
			runOnlyForDeploymentPostprocessing = 0;
		};
/* End PBXFrameworksBuildPhase section */

/* Begin PBXGroup section */
		2887BD032C361D27A358ACEA /* Frameworks */ = {
			isa = PBXGroup;
			children = (
				8E680DBA6461C5D596E6EA2D /* Pods_HttpGetPost.framework */,
			);
			name = Frameworks;
			sourceTree = "<group>";
		};
		51F4CACC321121DB25FFEA9D /* Pods */ = {
			isa = PBXGroup;
			children = (
				ABA735B3E4451092F95D38FB /* Pods-HttpGetPost.debug.xcconfig */,
				159A73DEB43577EE3FB39E35 /* Pods-HttpGetPost.release.xcconfig */,
			);
			name = Pods;
			sourceTree = "<group>";
		};
		FC939C361DB4CE0E0063F259 = {
			isa = PBXGroup;
			children = (
				FC939C411DB4CE0E0063F259 /* HttpGetPost */,
				FC939C401DB4CE0E0063F259 /* Products */,
				51F4CACC321121DB25FFEA9D /* Pods */,
				2887BD032C361D27A358ACEA /* Frameworks */,
			);
			sourceTree = "<group>";
		};
		FC939C401DB4CE0E0063F259 /* Products */ = {
			isa = PBXGroup;
			children = (
				FC939C3F1DB4CE0E0063F259 /* HttpGetPost.app */,
			);
			name = Products;
			sourceTree = "<group>";
		};
		FC939C411DB4CE0E0063F259 /* HttpGetPost */ = {
			isa = PBXGroup;
			children = (
				FC939C421DB4CE0E0063F259 /* AppDelegate.swift */,
				FC939C441DB4CE0E0063F259 /* ViewController.swift */,
				FC939C541DB4CEA70063F259 /* Main.storyboard */,
				FCFDC5871DB706EC008B2F6A /* AlamofireRequestViewController.swift */,
				FC939C491DB4CE0E0063F259 /* Assets.xcassets */,
				FC939C4B1DB4CE0E0063F259 /* LaunchScreen.storyboard */,
				FC939C4E1DB4CE0E0063F259 /* Info.plist */,
			);
			path = HttpGetPost;
			sourceTree = "<group>";
		};
/* End PBXGroup section */

/* Begin PBXNativeTarget section */
		FC939C3E1DB4CE0E0063F259 /* HttpGetPost */ = {
			isa = PBXNativeTarget;
			buildConfigurationList = FC939C511DB4CE0E0063F259 /* Build configuration list for PBXNativeTarget "HttpGetPost" */;
			buildPhases = (
				C8083BF0424BFFEACFCD8DF3 /* [CP] Check Pods Manifest.lock */,
				FC939C3B1DB4CE0E0063F259 /* Sources */,
				FC939C3C1DB4CE0E0063F259 /* Frameworks */,
				FC939C3D1DB4CE0E0063F259 /* Resources */,
				2C7069755C42369C379D7045 /* [CP] Embed Pods Frameworks */,
				B5235E088A38952CB37E83EF /* [CP] Copy Pods Resources */,
			);
			buildRules = (
			);
			dependencies = (
			);
			name = HttpGetPost;
			productName = HttpGetPost;
			productReference = FC939C3F1DB4CE0E0063F259 /* HttpGetPost.app */;
			productType = "com.apple.product-type.application";
		};
/* End PBXNativeTarget section */

/* Begin PBXProject section */
		FC939C371DB4CE0E0063F259 /* Project object */ = {
			isa = PBXProject;
			attributes = {
				LastSwiftUpdateCheck = 0800;
				LastUpgradeCheck = 0800;
				ORGANIZATIONNAME = wangyuanyuan;
				TargetAttributes = {
					FC939C3E1DB4CE0E0063F259 = {
						CreatedOnToolsVersion = 8.0;
						DevelopmentTeam = 624877M2V4;
						ProvisioningStyle = Automatic;
					};
				};
			};
			buildConfigurationList = FC939C3A1DB4CE0E0063F259 /* Build configuration list for PBXProject "HttpGetPost" */;
			compatibilityVersion = "Xcode 3.2";
			developmentRegion = English;
			hasScannedForEncodings = 0;
			knownRegions = (
				en,
				Base,
			);
			mainGroup = FC939C361DB4CE0E0063F259;
			productRefGroup = FC939C401DB4CE0E0063F259 /* Products */;
			projectDirPath = "";
			projectRoot = "";
			targets = (
				FC939C3E1DB4CE0E0063F259 /* HttpGetPost */,
			);
		};
/* End PBXProject section */

/* Begin PBXResourcesBuildPhase section */
		FC939C3D1DB4CE0E0063F259 /* Resources */ = {
			isa = PBXResourcesBuildPhase;
			buildActionMask = 2147483647;
			files = (
				FC939C551DB4CEA70063F259 /* Main.storyboard in Resources */,
				FC939C4D1DB4CE0E0063F259 /* LaunchScreen.storyboard in Resources */,
				FC939C4A1DB4CE0E0063F259 /* Assets.xcassets in Resources */,
			);
			runOnlyForDeploymentPostprocessing = 0;
		};
/* End PBXResourcesBuildPhase section */

/* Begin PBXShellScriptBuildPhase section */
		2C7069755C42369C379D7045 /* [CP] Embed Pods Frameworks */ = {
			isa = PBXShellScriptBuildPhase;
			buildActionMask = 2147483647;
			files = (
			);
			inputPaths = (
			);
			name = "[CP] Embed Pods Frameworks";
			outputPaths = (
			);
			runOnlyForDeploymentPostprocessing = 0;
			shellPath = /bin/sh;
			shellScript = "\"${SRCROOT}/Pods/Target Support Files/Pods-HttpGetPost/Pods-HttpGetPost-frameworks.sh\"\n";
			showEnvVarsInLog = 0;
		};
		B5235E088A38952CB37E83EF /* [CP] Copy Pods Resources */ = {
			isa = PBXShellScriptBuildPhase;
			buildActionMask = 2147483647;
			files = (
			);
			inputPaths = (
			);
			name = "[CP] Copy Pods Resources";
			outputPaths = (
			);
			runOnlyForDeploymentPostprocessing = 0;
			shellPath = /bin/sh;
			shellScript = "\"${SRCROOT}/Pods/Target Support Files/Pods-HttpGetPost/Pods-HttpGetPost-resources.sh\"\n";
			showEnvVarsInLog = 0;
		};
		C8083BF0424BFFEACFCD8DF3 /* [CP] Check Pods Manifest.lock */ = {
			isa = PBXShellScriptBuildPhase;
			buildActionMask = 2147483647;
			files = (
			);
			inputPaths = (
			);
			name = "[CP] Check Pods Manifest.lock";
			outputPaths = (
			);
			runOnlyForDeploymentPostprocessing = 0;
			shellPath = /bin/sh;
			shellScript = "diff \"${PODS_ROOT}/../Podfile.lock\" \"${PODS_ROOT}/Manifest.lock\" > /dev/null\nif [ $? != 0 ] ; then\n    # print error to STDERR\n    echo \"error: The sandbox is not in sync with the Podfile.lock. Run 'pod install' or update your CocoaPods installation.\" >&2\n    exit 1\nfi\n";
			showEnvVarsInLog = 0;
		};
/* End PBXShellScriptBuildPhase section */

/* Begin PBXSourcesBuildPhase section */
		FC939C3B1DB4CE0E0063F259 /* Sources */ = {
			isa = PBXSourcesBuildPhase;
			buildActionMask = 2147483647;
			files = (
				FC939C451DB4CE0E0063F259 /* ViewController.swift in Sources */,
				FCFDC5881DB706EC008B2F6A /* AlamofireRequestViewController.swift in Sources */,
				FC939C431DB4CE0E0063F259 /* AppDelegate.swift in Sources */,
			);
			runOnlyForDeploymentPostprocessing = 0;
		};
/* End PBXSourcesBuildPhase section */

/* Begin PBXVariantGroup section */
		FC939C4B1DB4CE0E0063F259 /* LaunchScreen.storyboard */ = {
			isa = PBXVariantGroup;
			children = (
				FC939C4C1DB4CE0E0063F259 /* Base */,
			);
			name = LaunchScreen.storyboard;
			sourceTree = "<group>";
		};
/* End PBXVariantGroup section */

/* Begin XCBuildConfiguration section */
		FC939C4F1DB4CE0E0063F259 /* Debug */ = {
			isa = XCBuildConfiguration;
			buildSettings = {
				ALWAYS_SEARCH_USER_PATHS = NO;
				CLANG_ANALYZER_NONNULL = YES;
				CLANG_CXX_LANGUAGE_STANDARD = "gnu++0x";
				CLANG_CXX_LIBRARY = "libc++";
				CLANG_ENABLE_MODULES = YES;
				CLANG_ENABLE_OBJC_ARC = YES;
				CLANG_WARN_BOOL_CONVERSION = YES;
				CLANG_WARN_CONSTANT_CONVERSION = YES;
				CLANG_WARN_DIRECT_OBJC_ISA_USAGE = YES_ERROR;
				CLANG_WARN_DOCUMENTATION_COMMENTS = YES;
				CLANG_WARN_EMPTY_BODY = YES;
				CLANG_WARN_ENUM_CONVERSION = YES;
				CLANG_WARN_INFINITE_RECURSION = YES;
				CLANG_WARN_INT_CONVERSION = YES;
				CLANG_WARN_OBJC_ROOT_CLASS = YES_ERROR;
				CLANG_WARN_SUSPICIOUS_MOVE = YES;
				CLANG_WARN_SUSPICIOUS_MOVES = YES;
				CLANG_WARN_UNREACHABLE_CODE = YES;
				CLANG_WARN__DUPLICATE_METHOD_MATCH = YES;
				"CODE_SIGN_IDENTITY[sdk=iphoneos*]" = "iPhone Developer";
				COPY_PHASE_STRIP = NO;
				DEBUG_INFORMATION_FORMAT = dwarf;
				ENABLE_STRICT_OBJC_MSGSEND = YES;
				ENABLE_TESTABILITY = YES;
				GCC_C_LANGUAGE_STANDARD = gnu99;
				GCC_DYNAMIC_NO_PIC = NO;
				GCC_NO_COMMON_BLOCKS = YES;
				GCC_OPTIMIZATION_LEVEL = 0;
				GCC_PREPROCESSOR_DEFINITIONS = (
					"DEBUG=1",
					"$(inherited)",
				);
				GCC_WARN_64_TO_32_BIT_CONVERSION = YES;
				GCC_WARN_ABOUT_RETURN_TYPE = YES_ERROR;
				GCC_WARN_UNDECLARED_SELECTOR = YES;
				GCC_WARN_UNINITIALIZED_AUTOS = YES_AGGRESSIVE;
				GCC_WARN_UNUSED_FUNCTION = YES;
				GCC_WARN_UNUSED_VARIABLE = YES;
				IPHONEOS_DEPLOYMENT_TARGET = 10.0;
				MTL_ENABLE_DEBUG_INFO = YES;
				ONLY_ACTIVE_ARCH = YES;
				SDKROOT = iphoneos;
				SWIFT_ACTIVE_COMPILATION_CONDITIONS = DEBUG;
				SWIFT_OPTIMIZATION_LEVEL = "-Onone";
			};
			name = Debug;
		};
		FC939C501DB4CE0E0063F259 /* Release */ = {
			isa = XCBuildConfiguration;
			buildSettings = {
				ALWAYS_SEARCH_USER_PATHS = NO;
				CLANG_ANALYZER_NONNULL = YES;
				CLANG_CXX_LANGUAGE_STANDARD = "gnu++0x";
				CLANG_CXX_LIBRARY = "libc++";
				CLANG_ENABLE_MODULES = YES;
				CLANG_ENABLE_OBJC_ARC = YES;
				CLANG_WARN_BOOL_CONVERSION = YES;
				CLANG_WARN_CONSTANT_CONVERSION = YES;
				CLANG_WARN_DIRECT_OBJC_ISA_USAGE = YES_ERROR;
				CLANG_WARN_DOCUMENTATION_COMMENTS = YES;
				CLANG_WARN_EMPTY_BODY = YES;
				CLANG_WARN_ENUM_CONVERSION = YES;
				CLANG_WARN_INFINITE_RECURSION = YES;
				CLANG_WARN_INT_CONVERSION = YES;
				CLANG_WARN_OBJC_ROOT_CLASS = YES_ERROR;
				CLANG_WARN_SUSPICIOUS_MOVE = YES;
				CLANG_WARN_SUSPICIOUS_MOVES = YES;
				CLANG_WARN_UNREACHABLE_CODE = YES;
				CLANG_WARN__DUPLICATE_METHOD_MATCH = YES;
				"CODE_SIGN_IDENTITY[sdk=iphoneos*]" = "iPhone Developer";
				COPY_PHASE_STRIP = NO;
				DEBUG_INFORMATION_FORMAT = "dwarf-with-dsym";
				ENABLE_NS_ASSERTIONS = NO;
				ENABLE_STRICT_OBJC_MSGSEND = YES;
				GCC_C_LANGUAGE_STANDARD = gnu99;
				GCC_NO_COMMON_BLOCKS = YES;
				GCC_WARN_64_TO_32_BIT_CONVERSION = YES;
				GCC_WARN_ABOUT_RETURN_TYPE = YES_ERROR;
				GCC_WARN_UNDECLARED_SELECTOR = YES;
				GCC_WARN_UNINITIALIZED_AUTOS = YES_AGGRESSIVE;
				GCC_WARN_UNUSED_FUNCTION = YES;
				GCC_WARN_UNUSED_VARIABLE = YES;
				IPHONEOS_DEPLOYMENT_TARGET = 10.0;
				MTL_ENABLE_DEBUG_INFO = NO;
				SDKROOT = iphoneos;
				SWIFT_OPTIMIZATION_LEVEL = "-Owholemodule";
				VALIDATE_PRODUCT = YES;
			};
			name = Release;
		};
		FC939C521DB4CE0E0063F259 /* Debug */ = {
			isa = XCBuildConfiguration;
			baseConfigurationReference = ABA735B3E4451092F95D38FB /* Pods-HttpGetPost.debug.xcconfig */;
			buildSettings = {
				ALWAYS_EMBED_SWIFT_STANDARD_LIBRARIES = YES;
				ASSETCATALOG_COMPILER_APPICON_NAME = AppIcon;
				DEVELOPMENT_TEAM = 624877M2V4;
				INFOPLIST_FILE = HttpGetPost/Info.plist;
				LD_RUNPATH_SEARCH_PATHS = "$(inherited) @executable_path/Frameworks";
				PRODUCT_BUNDLE_IDENTIFIER = com.yuanyuan.HttpGetPost;
				PRODUCT_NAME = "$(TARGET_NAME)";
				SWIFT_VERSION = 3.0;
			};
			name = Debug;
		};
		FC939C531DB4CE0E0063F259 /* Release */ = {
			isa = XCBuildConfiguration;
			baseConfigurationReference = 159A73DEB43577EE3FB39E35 /* Pods-HttpGetPost.release.xcconfig */;
			buildSettings = {
				ALWAYS_EMBED_SWIFT_STANDARD_LIBRARIES = YES;
				ASSETCATALOG_COMPILER_APPICON_NAME = AppIcon;
				DEVELOPMENT_TEAM = 624877M2V4;
				INFOPLIST_FILE = HttpGetPost/Info.plist;
				LD_RUNPATH_SEARCH_PATHS = "$(inherited) @executable_path/Frameworks";
				PRODUCT_BUNDLE_IDENTIFIER = com.yuanyuan.HttpGetPost;
				PRODUCT_NAME = "$(TARGET_NAME)";
				SWIFT_VERSION = 3.0;
			};
			name = Release;
		};
/* End XCBuildConfiguration section */

/* Begin XCConfigurationList section */
		FC939C3A1DB4CE0E0063F259 /* Build configuration list for PBXProject "HttpGetPost" */ = {
			isa = XCConfigurationList;
			buildConfigurations = (
				FC939C4F1DB4CE0E0063F259 /* Debug */,
				FC939C501DB4CE0E0063F259 /* Release */,
			);
			defaultConfigurationIsVisible = 0;
			defaultConfigurationName = Release;
		};
		FC939C511DB4CE0E0063F259 /* Build configuration list for PBXNativeTarget "HttpGetPost" */ = {
			isa = XCConfigurationList;
			buildConfigurations = (
				FC939C521DB4CE0E0063F259 /* Debug */,
				FC939C531DB4CE0E0063F259 /* Release */,
			);
			defaultConfigurationIsVisible = 0;
			defaultConfigurationName = Release;
		};
/* End XCConfigurationList section */
	};
	rootObject = FC939C371DB4CE0E0063F259 /* Project object */;
}
